
Microsoft Visual Studio Solution File, Format Version 12.00
# Visual Studio 15
VisualStudioVersion = 15.0.27703.2042
MinimumVisualStudioVersion = 10.0.40219.1
Project("{FAE04EC0-301F-11D3-BF4B-00C04F79EFBC}") = "DelegatesAndEvents", "DelegatesAndEvents\DelegatesAndEvents.csproj", "{54A6F05F-1F6E-4A95-8131-FEEC5254D21C}"
EndProject
Global
	GlobalSection(SolutionConfigurationPlatforms) = preSolution
		Debug|Any CPU = Debug|Any CPU
		Release|Any CPU = Release|Any CPU
	EndGlobalSection
	GlobalSection(ProjectConfigurationPlatforms) = postSolution
		{54A6F05F-1F6E-4A95-8131-FEEC5254D21C}.Debug|Any CPU.ActiveCfg = Debug|Any CPU
		{54A6F05F-1F6E-4A95-8131-FEEC5254D21C}.Debug|Any CPU.Build.0 = Debug|Any CPU
		{54A6F05F-1F6E-4A95-8131-FEEC5254D21C}.Release|Any CPU.ActiveCfg = Release|Any CPU
		{54A6F05F-1F6E-4A95-8131-FEEC5254D21C}.Release|Any CPU.Build.0 = Release|Any CPU
	EndGlobalSection
	GlobalSection(SolutionProperties) = preSolution
		HideSolutionNode = FALSE
	EndGlobalSection
	GlobalSection(ExtensibilityGlobals) = postSolution
		SolutionGuid = {3DAC6AE2-18A5-4045-BDD6-E3409532DD6D}
	EndGlobalSection
EndGlobal
